lockfileVersion: '9.0'

settings:
  autoInstallPeers: true
  excludeLinksFromLockfile: false

importers:

  .:
    dependencies:
      discord-interactions:
        specifier: ^4.3.0
        version: 4.3.0

packages:

  discord-interactions@4.3.0:
    resolution: {integrity: sha512-qCJEnuQeIDIo26MPEqYlIiYokqwFAMoRsmEE0PgAuiTYNXIMB9Z40LmqlgYe0yBO+743+AOnfTQdUK1WLg8+pw==}
    engines: {node: '>=18.4.0'}

snapshots:

  discord-interactions@4.3.0: {}
